
Microsoft Visual Studio Solution File, Format Version 12.00
# Visual Studio Version 17
VisualStudioVersion = 17.8.34511.84
MinimumVisualStudioVersion = 10.0.40219.1
Project("{FAE04EC0-301F-11D3-BF4B-00C04F79EFBC}") = "Entity", "Entity\Entity.csproj", "{AD2E858F-CFB4-4821-9E5A-0F9CB1AF9532}"
EndProject
Project("{FAE04EC0-301F-11D3-BF4B-00C04F79EFBC}") = "BLL", "BLL\BLL.csproj", "{A2CFDF37-8533-47E9-A000-135D3D6C63AA}"
EndProject
Project("{FAE04EC0-301F-11D3-BF4B-00C04F79EFBC}") = "GUI", "GUI\GUI.csproj", "{A9A1E447-D28F-4B6B-AD4E-B6FED0EDE1E5}"
EndProject
Project("{FAE04EC0-301F-11D3-BF4B-00C04F79EFBC}") = "DAL", "DAL\DAL.csproj", "{B424F3DD-6828-4255-BC4B-A6E7ECE033FB}"
EndProject
Global
	GlobalSection(SolutionConfigurationPlatforms) = preSolution
		Debug|Any CPU = Debug|Any CPU
		Release|Any CPU = Release|Any CPU
	EndGlobalSection
	GlobalSection(ProjectConfigurationPlatforms) = postSolution
		{AD2E858F-CFB4-4821-9E5A-0F9CB1AF9532}.Debug|Any CPU.ActiveCfg = Debug|Any CPU
		{AD2E858F-CFB4-4821-9E5A-0F9CB1AF9532}.Debug|Any CPU.Build.0 = Debug|Any CPU
		{AD2E858F-CFB4-4821-9E5A-0F9CB1AF9532}.Release|Any CPU.ActiveCfg = Release|Any CPU
		{AD2E858F-CFB4-4821-9E5A-0F9CB1AF9532}.Release|Any CPU.Build.0 = Release|Any CPU
		{A2CFDF37-8533-47E9-A000-135D3D6C63AA}.Debug|Any CPU.ActiveCfg = Debug|Any CPU
		{A2CFDF37-8533-47E9-A000-135D3D6C63AA}.Debug|Any CPU.Build.0 = Debug|Any CPU
		{A2CFDF37-8533-47E9-A000-135D3D6C63AA}.Release|Any CPU.ActiveCfg = Release|Any CPU
		{A2CFDF37-8533-47E9-A000-135D3D6C63AA}.Release|Any CPU.Build.0 = Release|Any CPU
		{A9A1E447-D28F-4B6B-AD4E-B6FED0EDE1E5}.Debug|Any CPU.ActiveCfg = Debug|Any CPU
		{A9A1E447-D28F-4B6B-AD4E-B6FED0EDE1E5}.Debug|Any CPU.Build.0 = Debug|Any CPU
		{A9A1E447-D28F-4B6B-AD4E-B6FED0EDE1E5}.Release|Any CPU.ActiveCfg = Release|Any CPU
		{A9A1E447-D28F-4B6B-AD4E-B6FED0EDE1E5}.Release|Any CPU.Build.0 = Release|Any CPU
		{B424F3DD-6828-4255-BC4B-A6E7ECE033FB}.Debug|Any CPU.ActiveCfg = Debug|Any CPU
		{B424F3DD-6828-4255-BC4B-A6E7ECE033FB}.Debug|Any CPU.Build.0 = Debug|Any CPU
		{B424F3DD-6828-4255-BC4B-A6E7ECE033FB}.Release|Any CPU.ActiveCfg = Release|Any CPU
		{B424F3DD-6828-4255-BC4B-A6E7ECE033FB}.Release|Any CPU.Build.0 = Release|Any CPU
	EndGlobalSection
	GlobalSection(SolutionProperties) = preSolution
		HideSolutionNode = FALSE
	EndGlobalSection
	GlobalSection(ExtensibilityGlobals) = postSolution
		SolutionGuid = {B1BCDC99-374B-4D55-A069-3F08C8882017}
	EndGlobalSection
EndGlobal
